// !$*UTF8*$!
{
	archiveVersion = 1;
	classes = {
	};
	objectVersion = 48;
	objects = {

/* Begin PBXBuildFile section */
		E9CB3DF12020B71E005976AA /* Recipe.swift in Sources */ = {isa = PBXBuildFile; fileRef = E9CB3DF02020B71E005976AA /* Recipe.swift */; };
		E9CB3DF52020B8A3005976AA /* Ingredient.swift in Sources */ = {isa = PBXBuildFile; fileRef = E9CB3DF42020B8A3005976AA /* Ingredient.swift */; };
		E9CB3DF72020B8F9005976AA /* Step.swift in Sources */ = {isa = PBXBuildFile; fileRef = E9CB3DF62020B8F9005976AA /* Step.swift */; };
		E9CB3DF92020BBD0005976AA /* FavRetriever.swift in Sources */ = {isa = PBXBuildFile; fileRef = E9CB3DF82020BBD0005976AA /* FavRetriever.swift */; };
		E9CB3DFB2021BAAC005976AA /* DetailViewController.swift in Sources */ = {isa = PBXBuildFile; fileRef = E9CB3DFA2021BAAC005976AA /* DetailViewController.swift */; };
		E9DD55192020A87300A66437 /* AppDelegate.swift in Sources */ = {isa = PBXBuildFile; fileRef = E9DD55182020A87300A66437 /* AppDelegate.swift */; };
		E9DD551B2020A87300A66437 /* HomeViewController.swift in Sources */ = {isa = PBXBuildFile; fileRef = E9DD551A2020A87300A66437 /* HomeViewController.swift */; };
		E9DD551D2020A87300A66437 /* FavViewController.swift in Sources */ = {isa = PBXBuildFile; fileRef = E9DD551C2020A87300A66437 /* FavViewController.swift */; };
		E9DD55202020A87300A66437 /* Main.storyboard in Resources */ = {isa = PBXBuildFile; fileRef = E9DD551E2020A87300A66437 /* Main.storyboard */; };
		E9DD55222020A87300A66437 /* Assets.xcassets in Resources */ = {isa = PBXBuildFile; fileRef = E9DD55212020A87300A66437 /* Assets.xcassets */; };
		E9DD55252020A87300A66437 /* LaunchScreen.storyboard in Resources */ = {isa = PBXBuildFile; fileRef = E9DD55232020A87300A66437 /* LaunchScreen.storyboard */; };
		E9DD55302020A87400A66437 /* IEatTests.swift in Sources */ = {isa = PBXBuildFile; fileRef = E9DD552F2020A87400A66437 /* IEatTests.swift */; };
		E9DD553B2020A87400A66437 /* IEatUITests.swift in Sources */ = {isa = PBXBuildFile; fileRef = E9DD553A2020A87400A66437 /* IEatUITests.swift */; };
		E9DD55492020B11300A66437 /* MapViewController.swift in Sources */ = {isa = PBXBuildFile; fileRef = E9DD55482020B11300A66437 /* MapViewController.swift */; };
/* End PBXBuildFile section */

/* Begin PBXContainerItemProxy section */
		E9DD552C2020A87400A66437 /* PBXContainerItemProxy */ = {
			isa = PBXContainerItemProxy;
			containerPortal = E9DD550D2020A87300A66437 /* Project object */;
			proxyType = 1;
			remoteGlobalIDString = E9DD55142020A87300A66437;
			remoteInfo = IEat;
		};
		E9DD55372020A87400A66437 /* PBXContainerItemProxy */ = {
			isa = PBXContainerItemProxy;
			containerPortal = E9DD550D2020A87300A66437 /* Project object */;
			proxyType = 1;
			remoteGlobalIDString = E9DD55142020A87300A66437;
			remoteInfo = IEat;
		};
/* End PBXContainerItemProxy section */

/* Begin PBXFileReference section */
		E9CB3DF02020B71E005976AA /* Recipe.swift */ = {isa = PBXFileReference; lastKnownFileType = sourcecode.swift; path = Recipe.swift; sourceTree = "<group>"; };
		E9CB3DF42020B8A3005976AA /* Ingredient.swift */ = {isa = PBXFileReference; lastKnownFileType = sourcecode.swift; path = Ingredient.swift; sourceTree = "<group>"; };
		E9CB3DF62020B8F9005976AA /* Step.swift */ = {isa = PBXFileReference; lastKnownFileType = sourcecode.swift; path = Step.swift; sourceTree = "<group>"; };
		E9CB3DF82020BBD0005976AA /* FavRetriever.swift */ = {isa = PBXFileReference; lastKnownFileType = sourcecode.swift; path = FavRetriever.swift; sourceTree = "<group>"; };
		E9CB3DFA2021BAAC005976AA /* DetailViewController.swift */ = {isa = PBXFileReference; lastKnownFileType = sourcecode.swift; path = DetailViewController.swift; sourceTree = "<group>"; };
		E9DD55152020A87300A66437 /* IEat.app */ = {isa = PBXFileReference; explicitFileType = wrapper.application; includeInIndex = 0; path = IEat.app; sourceTree = BUILT_PRODUCTS_DIR; };
		E9DD55182020A87300A66437 /* AppDelegate.swift */ = {isa = PBXFileReference; lastKnownFileType = sourcecode.swift; path = AppDelegate.swift; sourceTree = "<group>"; };
		E9DD551A2020A87300A66437 /* HomeViewController.swift */ = {isa = PBXFileReference; lastKnownFileType = sourcecode.swift; path = HomeViewController.swift; sourceTree = "<group>"; };
		E9DD551C2020A87300A66437 /* FavViewController.swift */ = {isa = PBXFileReference; lastKnownFileType = sourcecode.swift; path = FavViewController.swift; sourceTree = "<group>"; };
		E9DD551F2020A87300A66437 /* Base */ = {isa = PBXFileReference; lastKnownFileType = file.storyboard; name = Base; path = Base.lproj/Main.storyboard; sourceTree = "<group>"; };
		E9DD55212020A87300A66437 /* Assets.xcassets */ = {isa = PBXFileReference; lastKnownFileType = folder.assetcatalog; path = Assets.xcassets; sourceTree = "<group>"; };
		E9DD55242020A87300A66437 /* Base */ = {isa = PBXFileReference; lastKnownFileType = file.storyboard; name = Base; path = Base.lproj/LaunchScreen.storyboard; sourceTree = "<group>"; };
		E9DD55262020A87300A66437 /* Info.plist */ = {isa = PBXFileReference; lastKnownFileType = text.plist.xml; path = Info.plist; sourceTree = "<group>"; };
		E9DD552B2020A87400A66437 /* IEatTests.xctest */ = {isa = PBXFileReference; explicitFileType = wrapper.cfbundle; includeInIndex = 0; path = IEatTests.xctest; sourceTree = BUILT_PRODUCTS_DIR; };
		E9DD552F2020A87400A66437 /* IEatTests.swift */ = {isa = PBXFileReference; lastKnownFileType = sourcecode.swift; path = IEatTests.swift; sourceTree = "<group>"; };
		E9DD55312020A87400A66437 /* Info.plist */ = {isa = PBXFileReference; lastKnownFileType = text.plist.xml; path = Info.plist; sourceTree = "<group>"; };
		E9DD55362020A87400A66437 /* IEatUITests.xctest */ = {isa = PBXFileReference; explicitFileType = wrapper.cfbundle; includeInIndex = 0; path = IEatUITests.xctest; sourceTree = BUILT_PRODUCTS_DIR; };
		E9DD553A2020A87400A66437 /* IEatUITests.swift */ = {isa = PBXFileReference; lastKnownFileType = sourcecode.swift; path = IEatUITests.swift; sourceTree = "<group>"; };
		E9DD553C2020A87400A66437 /* Info.plist */ = {isa = PBXFileReference; lastKnownFileType = text.plist.xml; path = Info.plist; sourceTree = "<group>"; };
		E9DD55482020B11300A66437 /* MapViewController.swift */ = {isa = PBXFileReference; lastKnownFileType = sourcecode.swift; path = MapViewController.swift; sourceTree = "<group>"; };
/* End PBXFileReference section */

/* Begin PBXFrameworksBuildPhase section */
		E9DD55122020A87300A66437 /* Frameworks */ = {
			isa = PBXFrameworksBuildPhase;
			buildActionMask = 2147483647;
			files = (
			);
			runOnlyForDeploymentPostprocessing = 0;
		};
		E9DD55282020A87400A66437 /* Frameworks */ = {
			isa = PBXFrameworksBuildPhase;
			buildActionMask = 2147483647;
			files = (
			);
			runOnlyForDeploymentPostprocessing = 0;
		};
		E9DD55332020A87400A66437 /* Frameworks */ = {
			isa = PBXFrameworksBuildPhase;
			buildActionMask = 2147483647;
			files = (
			);
			runOnlyForDeploymentPostprocessing = 0;
		};
/* End PBXFrameworksBuildPhase section */

/* Begin PBXGroup section */
		E9CB3DED2020B6DA005976AA /* Data */ = {
			isa = PBXGroup;
			children = (
				E9CB3DEF2020B6FC005976AA /* Model */,
				E9CB3DEE2020B6E3005976AA /* Retriever */,
			);
			path = Data;
			sourceTree = "<group>";
		};
		E9CB3DEE2020B6E3005976AA /* Retriever */ = {
			isa = PBXGroup;
			children = (
				E9CB3DF82020BBD0005976AA /* FavRetriever.swift */,
			);
			path = Retriever;
			sourceTree = "<group>";
		};
		E9CB3DEF2020B6FC005976AA /* Model */ = {
			isa = PBXGroup;
			children = (
				E9CB3DF02020B71E005976AA /* Recipe.swift */,
				E9CB3DF42020B8A3005976AA /* Ingredient.swift */,
				E9CB3DF62020B8F9005976AA /* Step.swift */,
			);
			path = Model;
			sourceTree = "<group>";
		};
		E9DD550C2020A87300A66437 = {
			isa = PBXGroup;
			children = (
				E9DD55172020A87300A66437 /* IEat */,
				E9DD552E2020A87400A66437 /* IEatTests */,
				E9DD55392020A87400A66437 /* IEatUITests */,
				E9DD55162020A87300A66437 /* Products */,
			);
			sourceTree = "<group>";
		};
		E9DD55162020A87300A66437 /* Products */ = {
			isa = PBXGroup;
			children = (
				E9DD55152020A87300A66437 /* IEat.app */,
				E9DD552B2020A87400A66437 /* IEatTests.xctest */,
				E9DD55362020A87400A66437 /* IEatUITests.xctest */,
			);
			name = Products;
			sourceTree = "<group>";
		};
		E9DD55172020A87300A66437 /* IEat */ = {
			isa = PBXGroup;
			children = (
				E9CB3DFA2021BAAC005976AA /* DetailViewController.swift */,
				E9CB3DED2020B6DA005976AA /* Data */,
				E9DD55182020A87300A66437 /* AppDelegate.swift */,
				E9DD551A2020A87300A66437 /* HomeViewController.swift */,
				E9DD551C2020A87300A66437 /* FavViewController.swift */,
				E9DD551E2020A87300A66437 /* Main.storyboard */,
				E9DD55212020A87300A66437 /* Assets.xcassets */,
				E9DD55232020A87300A66437 /* LaunchScreen.storyboard */,
				E9DD55262020A87300A66437 /* Info.plist */,
				E9DD55482020B11300A66437 /* MapViewController.swift */,
			);
			path = IEat;
			sourceTree = "<group>";
		};
		E9DD552E2020A87400A66437 /* IEatTests */ = {
			isa = PBXGroup;
			children = (
				E9DD552F2020A87400A66437 /* IEatTests.swift */,
				E9DD55312020A87400A66437 /* Info.plist */,
			);
			path = IEatTests;
			sourceTree = "<group>";
		};
		E9DD55392020A87400A66437 /* IEatUITests */ = {
			isa = PBXGroup;
			children = (
				E9DD553A2020A87400A66437 /* IEatUITests.swift */,
				E9DD553C2020A87400A66437 /* Info.plist */,
			);
			path = IEatUITests;
			sourceTree = "<group>";
		};
/* End PBXGroup section */

/* Begin PBXNativeTarget section */
		E9DD55142020A87300A66437 /* IEat */ = {
			isa = PBXNativeTarget;
			buildConfigurationList = E9DD553F2020A87400A66437 /* Build configuration list for PBXNativeTarget "IEat" */;
			buildPhases = (
				E9DD55112020A87300A66437 /* Sources */,
				E9DD55122020A87300A66437 /* Frameworks */,
				E9DD55132020A87300A66437 /* Resources */,
			);
			buildRules = (
			);
			dependencies = (
			);
			name = IEat;
			productName = IEat;
			productReference = E9DD55152020A87300A66437 /* IEat.app */;
			productType = "com.apple.product-type.application";
		};
		E9DD552A2020A87400A66437 /* IEatTests */ = {
			isa = PBXNativeTarget;
			buildConfigurationList = E9DD55422020A87400A66437 /* Build configuration list for PBXNativeTarget "IEatTests" */;
			buildPhases = (
				E9DD55272020A87400A66437 /* Sources */,
				E9DD55282020A87400A66437 /* Frameworks */,
				E9DD55292020A87400A66437 /* Resources */,
			);
			buildRules = (
			);
			dependencies = (
				E9DD552D2020A87400A66437 /* PBXTargetDependency */,
			);
			name = IEatTests;
			productName = IEatTests;
			productReference = E9DD552B2020A87400A66437 /* IEatTests.xctest */;
			productType = "com.apple.product-type.bundle.unit-test";
		};
		E9DD55352020A87400A66437 /* IEatUITests */ = {
			isa = PBXNativeTarget;
			buildConfigurationList = E9DD55452020A87400A66437 /* Build configuration list for PBXNativeTarget "IEatUITests" */;
			buildPhases = (
				E9DD55322020A87400A66437 /* Sources */,
				E9DD55332020A87400A66437 /* Frameworks */,
				E9DD55342020A87400A66437 /* Resources */,
			);
			buildRules = (
			);
			dependencies = (
				E9DD55382020A87400A66437 /* PBXTargetDependency */,
			);
			name = IEatUITests;
			productName = IEatUITests;
			productReference = E9DD55362020A87400A66437 /* IEatUITests.xctest */;
			productType = "com.apple.product-type.bundle.ui-testing";
		};
/* End PBXNativeTarget section */

/* Begin PBXProject section */
		E9DD550D2020A87300A66437 /* Project object */ = {
			isa = PBXProject;
			attributes = {
				LastSwiftUpdateCheck = 0920;
				LastUpgradeCheck = 0920;
				ORGANIZATIONNAME = "Theo Beuze";
				TargetAttributes = {
					E9DD55142020A87300A66437 = {
						CreatedOnToolsVersion = 9.2;
						ProvisioningStyle = Automatic;
					};
					E9DD552A2020A87400A66437 = {
						CreatedOnToolsVersion = 9.2;
						ProvisioningStyle = Automatic;
						TestTargetID = E9DD55142020A87300A66437;
					};
					E9DD55352020A87400A66437 = {
						CreatedOnToolsVersion = 9.2;
						ProvisioningStyle = Automatic;
						TestTargetID = E9DD55142020A87300A66437;
					};
				};
			};
			buildConfigurationList = E9DD55102020A87300A66437 /* Build configuration list for PBXProject "IEat" */;
			compatibilityVersion = "Xcode 8.0";
			developmentRegion = en;
			hasScannedForEncodings = 0;
			knownRegions = (
				en,
				Base,
			);
			mainGroup = E9DD550C2020A87300A66437;
			productRefGroup = E9DD55162020A87300A66437 /* Products */;
			projectDirPath = "";
			projectRoot = "";
			targets = (
				E9DD55142020A87300A66437 /* IEat */,
				E9DD552A2020A87400A66437 /* IEatTests */,
				E9DD55352020A87400A66437 /* IEatUITests */,
			);
		};
/* End PBXProject section */

/* Begin PBXResourcesBuildPhase section */
		E9DD55132020A87300A66437 /* Resources */ = {
			isa = PBXResourcesBuildPhase;
			buildActionMask = 2147483647;
			files = (
				E9DD55252020A87300A66437 /* LaunchScreen.storyboard in Resources */,
				E9DD55222020A87300A66437 /* Assets.xcassets in Resources */,
				E9DD55202020A87300A66437 /* Main.storyboard in Resources */,
			);
			runOnlyForDeploymentPostprocessing = 0;
		};
		E9DD55292020A87400A66437 /* Resources */ = {
			isa = PBXResourcesBuildPhase;
			buildActionMask = 2147483647;
			files = (
			);
			runOnlyForDeploymentPostprocessing = 0;
		};
		E9DD55342020A87400A66437 /* Resources */ = {
			isa = PBXResourcesBuildPhase;
			buildActionMask = 2147483647;
			files = (
			);
			runOnlyForDeploymentPostprocessing = 0;
		};
/* End PBXResourcesBuildPhase section */

/* Begin PBXSourcesBuildPhase section */
		E9DD55112020A87300A66437 /* Sources */ = {
			isa = PBXSourcesBuildPhase;
			buildActionMask = 2147483647;
			files = (
				E9DD551D2020A87300A66437 /* FavViewController.swift in Sources */,
				E9DD55192020A87300A66437 /* AppDelegate.swift in Sources */,
				E9CB3DF92020BBD0005976AA /* FavRetriever.swift in Sources */,
				E9CB3DFB2021BAAC005976AA /* DetailViewController.swift in Sources */,
				E9CB3DF52020B8A3005976AA /* Ingredient.swift in Sources */,
				E9CB3DF72020B8F9005976AA /* Step.swift in Sources */,
				E9DD551B2020A87300A66437 /* HomeViewController.swift in Sources */,
				E9DD55492020B11300A66437 /* MapViewController.swift in Sources */,
				E9CB3DF12020B71E005976AA /* Recipe.swift in Sources */,
			);
			runOnlyForDeploymentPostprocessing = 0;
		};
		E9DD55272020A87400A66437 /* Sources */ = {
			isa = PBXSourcesBuildPhase;
			buildActionMask = 2147483647;
			files = (
				E9DD55302020A87400A66437 /* IEatTests.swift in Sources */,
			);
			runOnlyForDeploymentPostprocessing = 0;
		};
		E9DD55322020A87400A66437 /* Sources */ = {
			isa = PBXSourcesBuildPhase;
			buildActionMask = 2147483647;
			files = (
				E9DD553B2020A87400A66437 /* IEatUITests.swift in Sources */,
			);
			runOnlyForDeploymentPostprocessing = 0;
		};
/* End PBXSourcesBuildPhase section */

/* Begin PBXTargetDependency section */
		E9DD552D2020A87400A66437 /* PBXTargetDependency */ = {
			isa = PBXTargetDependency;
			target = E9DD55142020A87300A66437 /* IEat */;
			targetProxy = E9DD552C2020A87400A66437 /* PBXContainerItemProxy */;
		};
		E9DD55382020A87400A66437 /* PBXTargetDependency */ = {
			isa = PBXTargetDependency;
			target = E9DD55142020A87300A66437 /* IEat */;
			targetProxy = E9DD55372020A87400A66437 /* PBXContainerItemProxy */;
		};
/* End PBXTargetDependency section */

/* Begin PBXVariantGroup section */
		E9DD551E2020A87300A66437 /* Main.storyboard */ = {
			isa = PBXVariantGroup;
			children = (
				E9DD551F2020A87300A66437 /* Base */,
			);
			name = Main.storyboard;
			sourceTree = "<group>";
		};
		E9DD55232020A87300A66437 /* LaunchScreen.storyboard */ = {
			isa = PBXVariantGroup;
			children = (
				E9DD55242020A87300A66437 /* Base */,
			);
			name = LaunchScreen.storyboard;
			sourceTree = "<group>";
		};
/* End PBXVariantGroup section */

/* Begin XCBuildConfiguration section */
		E9DD553D2020A87400A66437 /* Debug */ = {
			isa = XCBuildConfiguration;
			buildSettings = {
				ALWAYS_SEARCH_USER_PATHS = NO;
				CLANG_ANALYZER_NONNULL = YES;
				CLANG_ANALYZER_NUMBER_OBJECT_CONVERSION = YES_AGGRESSIVE;
				CLANG_CXX_LANGUAGE_STANDARD = "gnu++14";
				CLANG_CXX_LIBRARY = "libc++";
				CLANG_ENABLE_MODULES = YES;
				CLANG_ENABLE_OBJC_ARC = YES;
				CLANG_WARN_BLOCK_CAPTURE_AUTORELEASING = YES;
				CLANG_WARN_BOOL_CONVERSION = YES;
				CLANG_WARN_COMMA = YES;
				CLANG_WARN_CONSTANT_CONVERSION = YES;
				CLANG_WARN_DIRECT_OBJC_ISA_USAGE = YES_ERROR;
				CLANG_WARN_DOCUMENTATION_COMMENTS = YES;
				CLANG_WARN_EMPTY_BODY = YES;
				CLANG_WARN_ENUM_CONVERSION = YES;
				CLANG_WARN_INFINITE_RECURSION = YES;
				CLANG_WARN_INT_CONVERSION = YES;
				CLANG_WARN_NON_LITERAL_NULL_CONVERSION = YES;
				CLANG_WARN_OBJC_LITERAL_CONVERSION = YES;
				CLANG_WARN_OBJC_ROOT_CLASS = YES_ERROR;
				CLANG_WARN_RANGE_LOOP_ANALYSIS = YES;
				CLANG_WARN_STRICT_PROTOTYPES = YES;
				CLANG_WARN_SUSPICIOUS_MOVE = YES;
				CLANG_WARN_UNGUARDED_AVAILABILITY = YES_AGGRESSIVE;
				CLANG_WARN_UNREACHABLE_CODE = YES;
				CLANG_WARN__DUPLICATE_METHOD_MATCH = YES;
				CODE_SIGN_IDENTITY = "iPhone Developer";
				COPY_PHASE_STRIP = NO;
				DEBUG_INFORMATION_FORMAT = dwarf;
				ENABLE_STRICT_OBJC_MSGSEND = YES;
				ENABLE_TESTABILITY = YES;
				GCC_C_LANGUAGE_STANDARD = gnu11;
				GCC_DYNAMIC_NO_PIC = NO;
				GCC_NO_COMMON_BLOCKS = YES;
				GCC_OPTIMIZATION_LEVEL = 0;
				GCC_PREPROCESSOR_DEFINITIONS = (
					"DEBUG=1",
					"$(inherited)",
				);
				GCC_WARN_64_TO_32_BIT_CONVERSION = YES;
				GCC_WARN_ABOUT_RETURN_TYPE = YES_ERROR;
				GCC_WARN_UNDECLARED_SELECTOR = YES;
				GCC_WARN_UNINITIALIZED_AUTOS = YES_AGGRESSIVE;
				GCC_WARN_UNUSED_FUNCTION = YES;
				GCC_WARN_UNUSED_VARIABLE = YES;
				IPHONEOS_DEPLOYMENT_TARGET = 11.2;
				MTL_ENABLE_DEBUG_INFO = YES;
				ONLY_ACTIVE_ARCH = YES;
				SDKROOT = iphoneos;
				SWIFT_ACTIVE_COMPILATION_CONDITIONS = DEBUG;
				SWIFT_OPTIMIZATION_LEVEL = "-Onone";
			};
			name = Debug;
		};
		E9DD553E2020A87400A66437 /* Release */ = {
			isa = XCBuildConfiguration;
			buildSettings = {
				ALWAYS_SEARCH_USER_PATHS = NO;
				CLANG_ANALYZER_NONNULL = YES;
				CLANG_ANALYZER_NUMBER_OBJECT_CONVERSION = YES_AGGRESSIVE;
				CLANG_CXX_LANGUAGE_STANDARD = "gnu++14";
				CLANG_CXX_LIBRARY = "libc++";
				CLANG_ENABLE_MODULES = YES;
				CLANG_ENABLE_OBJC_ARC = YES;
				CLANG_WARN_BLOCK_CAPTURE_AUTORELEASING = YES;
				CLANG_WARN_BOOL_CONVERSION = YES;
				CLANG_WARN_COMMA = YES;
				CLANG_WARN_CONSTANT_CONVERSION = YES;
				CLANG_WARN_DIRECT_OBJC_ISA_USAGE = YES_ERROR;
				CLANG_WARN_DOCUMENTATION_COMMENTS = YES;
				CLANG_WARN_EMPTY_BODY = YES;
				CLANG_WARN_ENUM_CONVERSION = YES;
				CLANG_WARN_INFINITE_RECURSION = YES;
				CLANG_WARN_INT_CONVERSION = YES;
				CLANG_WARN_NON_LITERAL_NULL_CONVERSION = YES;
				CLANG_WARN_OBJC_LITERAL_CONVERSION = YES;
				CLANG_WARN_OBJC_ROOT_CLASS = YES_ERROR;
				CLANG_WARN_RANGE_LOOP_ANALYSIS = YES;
				CLANG_WARN_STRICT_PROTOTYPES = YES;
				CLANG_WARN_SUSPICIOUS_MOVE = YES;
				CLANG_WARN_UNGUARDED_AVAILABILITY = YES_AGGRESSIVE;
				CLANG_WARN_UNREACHABLE_CODE = YES;
				CLANG_WARN__DUPLICATE_METHOD_MATCH = YES;
				CODE_SIGN_IDENTITY = "iPhone Developer";
				COPY_PHASE_STRIP = NO;
				DEBUG_INFORMATION_FORMAT = "dwarf-with-dsym";
				ENABLE_NS_ASSERTIONS = NO;
				ENABLE_STRICT_OBJC_MSGSEND = YES;
				GCC_C_LANGUAGE_STANDARD = gnu11;
				GCC_NO_COMMON_BLOCKS = YES;
				GCC_WARN_64_TO_32_BIT_CONVERSION = YES;
				GCC_WARN_ABOUT_RETURN_TYPE = YES_ERROR;
				GCC_WARN_UNDECLARED_SELECTOR = YES;
				GCC_WARN_UNINITIALIZED_AUTOS = YES_AGGRESSIVE;
				GCC_WARN_UNUSED_FUNCTION = YES;
				GCC_WARN_UNUSED_VARIABLE = YES;
				IPHONEOS_DEPLOYMENT_TARGET = 11.2;
				MTL_ENABLE_DEBUG_INFO = NO;
				SDKROOT = iphoneos;
				SWIFT_OPTIMIZATION_LEVEL = "-Owholemodule";
				VALIDATE_PRODUCT = YES;
			};
			name = Release;
		};
		E9DD55402020A87400A66437 /* Debug */ = {
			isa = XCBuildConfiguration;
			buildSettings = {
				ASSETCATALOG_COMPILER_APPICON_NAME = AppIcon;
				CODE_SIGN_STYLE = Automatic;
				DEVELOPMENT_TEAM = Q664S92D64;
				INFOPLIST_FILE = IEat/Info.plist;
				IPHONEOS_DEPLOYMENT_TARGET = 11.0;
				LD_RUNPATH_SEARCH_PATHS = "$(inherited) @executable_path/Frameworks";
				PRODUCT_BUNDLE_IDENTIFIER = poseidon.IEat;
				PRODUCT_NAME = "$(TARGET_NAME)";
				SWIFT_VERSION = 4.0;
				TARGETED_DEVICE_FAMILY = "1,2";
			};
			name = Debug;
		};
		E9DD55412020A87400A66437 /* Release */ = {
			isa = XCBuildConfiguration;
			buildSettings = {
				ASSETCATALOG_COMPILER_APPICON_NAME = AppIcon;
				CODE_SIGN_STYLE = Automatic;
				DEVELOPMENT_TEAM = Q664S92D64;
				INFOPLIST_FILE = IEat/Info.plist;
				IPHONEOS_DEPLOYMENT_TARGET = 11.0;
				LD_RUNPATH_SEARCH_PATHS = "$(inherited) @executable_path/Frameworks";
				PRODUCT_BUNDLE_IDENTIFIER = poseidon.IEat;
				PRODUCT_NAME = "$(TARGET_NAME)";
				SWIFT_VERSION = 4.0;
				TARGETED_DEVICE_FAMILY = "1,2";
			};
			name = Release;
		};
		E9DD55432020A87400A66437 /* Debug */ = {
			isa = XCBuildConfiguration;
			buildSettings = {
				ALWAYS_EMBED_SWIFT_STANDARD_LIBRARIES = YES;
				BUNDLE_LOADER = "$(TEST_HOST)";
				CODE_SIGN_STYLE = Automatic;
				DEVELOPMENT_TEAM = Q664S92D64;
				INFOPLIST_FILE = IEatTests/Info.plist;
				LD_RUNPATH_SEARCH_PATHS = "$(inherited) @executable_path/Frameworks @loader_path/Frameworks";
				PRODUCT_BUNDLE_IDENTIFIER = poseidon.IEatTests;
				PRODUCT_NAME = "$(TARGET_NAME)";
				SWIFT_VERSION = 4.0;
				TARGETED_DEVICE_FAMILY = "1,2";
				TEST_HOST = "$(BUILT_PRODUCTS_DIR)/IEat.app/IEat";
			};
			name = Debug;
		};
		E9DD55442020A87400A66437 /* Release */ = {
			isa = XCBuildConfiguration;
			buildSettings = {
				ALWAYS_EMBED_SWIFT_STANDARD_LIBRARIES = YES;
				BUNDLE_LOADER = "$(TEST_HOST)";
				CODE_SIGN_STYLE = Automatic;
				DEVELOPMENT_TEAM = Q664S92D64;
				INFOPLIST_FILE = IEatTests/Info.plist;
				LD_RUNPATH_SEARCH_PATHS = "$(inherited) @executable_path/Frameworks @loader_path/Frameworks";
				PRODUCT_BUNDLE_IDENTIFIER = poseidon.IEatTests;
				PRODUCT_NAME = "$(TARGET_NAME)";
				SWIFT_VERSION = 4.0;
				TARGETED_DEVICE_FAMILY = "1,2";
				TEST_HOST = "$(BUILT_PRODUCTS_DIR)/IEat.app/IEat";
			};
			name = Release;
		};
		E9DD55462020A87400A66437 /* Debug */ = {
			isa = XCBuildConfiguration;
			buildSettings = {
				ALWAYS_EMBED_SWIFT_STANDARD_LIBRARIES = YES;
				CODE_SIGN_STYLE = Automatic;
				DEVELOPMENT_TEAM = Q664S92D64;
				INFOPLIST_FILE = IEatUITests/Info.plist;
				LD_RUNPATH_SEARCH_PATHS = "$(inherited) @executable_path/Frameworks @loader_path/Frameworks";
				PRODUCT_BUNDLE_IDENTIFIER = poseidon.IEatUITests;
				PRODUCT_NAME = "$(TARGET_NAME)";
				SWIFT_VERSION = 4.0;
				TARGETED_DEVICE_FAMILY = "1,2";
				TEST_TARGET_NAME = IEat;
			};
			name = Debug;
		};
		E9DD55472020A87400A66437 /* Release */ = {
			isa = XCBuildConfiguration;
			buildSettings = {
				ALWAYS_EMBED_SWIFT_STANDARD_LIBRARIES = YES;
				CODE_SIGN_STYLE = Automatic;
				DEVELOPMENT_TEAM = Q664S92D64;
				INFOPLIST_FILE = IEatUITests/Info.plist;
				LD_RUNPATH_SEARCH_PATHS = "$(inherited) @executable_path/Frameworks @loader_path/Frameworks";
				PRODUCT_BUNDLE_IDENTIFIER = poseidon.IEatUITests;
				PRODUCT_NAME = "$(TARGET_NAME)";
				SWIFT_VERSION = 4.0;
				TARGETED_DEVICE_FAMILY = "1,2";
				TEST_TARGET_NAME = IEat;
			};
			name = Release;
		};
/* End XCBuildConfiguration section */

/* Begin XCConfigurationList section */
		E9DD55102020A87300A66437 /* Build configuration list for PBXProject "IEat" */ = {
			isa = XCConfigurationList;
			buildConfigurations = (
				E9DD553D2020A87400A66437 /* Debug */,
				E9DD553E2020A87400A66437 /* Release */,
			);
			defaultConfigurationIsVisible = 0;
			defaultConfigurationName = Release;
		};
		E9DD553F2020A87400A66437 /* Build configuration list for PBXNativeTarget "IEat" */ = {
			isa = XCConfigurationList;
			buildConfigurations = (
				E9DD55402020A87400A66437 /* Debug */,
				E9DD55412020A87400A66437 /* Release */,
			);
			defaultConfigurationIsVisible = 0;
			defaultConfigurationName = Release;
		};
		E9DD55422020A87400A66437 /* Build configuration list for PBXNativeTarget "IEatTests" */ = {
			isa = XCConfigurationList;
			buildConfigurations = (
				E9DD55432020A87400A66437 /* Debug */,
				E9DD55442020A87400A66437 /* Release */,
			);
			defaultConfigurationIsVisible = 0;
			defaultConfigurationName = Release;
		};
		E9DD55452020A87400A66437 /* Build configuration list for PBXNativeTarget "IEatUITests" */ = {
			isa = XCConfigurationList;
			buildConfigurations = (
				E9DD55462020A87400A66437 /* Debug */,
				E9DD55472020A87400A66437 /* Release */,
			);
			defaultConfigurationIsVisible = 0;
			defaultConfigurationName = Release;
		};
/* End XCConfigurationList section */
	};
	rootObject = E9DD550D2020A87300A66437 /* Project object */;
}
